
Microsoft Visual Studio Solution File, Format Version 12.00
# Visual Studio 15
Project("{FAE04EC0-301F-11D3-BF4B-00C04F79EFBC}") = "Gallery.Android", "Gallery.Android\Gallery.Android.csproj", "{4AA612C0-E050-4D02-A779-93D9D5FFE088}"
EndProject
Project("{FAE04EC0-301F-11D3-BF4B-00C04F79EFBC}") = "Gallery.iOS", "Gallery.iOS\Gallery.iOS.csproj", "{58DDACC7-4B71-438D-B874-E84700E51929}"
EndProject
Project("{FAE04EC0-301F-11D3-BF4B-00C04F79EFBC}") = "Gallery", "Gallery\Gallery.csproj", "{019D4D01-F9B5-428A-BA3E-A6A29343133D}"
EndProject
Global
	GlobalSection(SolutionConfigurationPlatforms) = preSolution
		Debug|Any CPU = Debug|Any CPU
		Release|Any CPU = Release|Any CPU
		Debug|iPhoneSimulator = Debug|iPhoneSimulator
		Release|iPhoneSimulator = Release|iPhoneSimulator
		Debug|iPhone = Debug|iPhone
		Release|iPhone = Release|iPhone
	EndGlobalSection
	GlobalSection(ProjectConfigurationPlatforms) = postSolution
		{4AA612C0-E050-4D02-A779-93D9D5FFE088}.Debug|Any CPU.ActiveCfg = Debug|Any CPU
		{4AA612C0-E050-4D02-A779-93D9D5FFE088}.Debug|Any CPU.Build.0 = Debug|Any CPU
		{4AA612C0-E050-4D02-A779-93D9D5FFE088}.Release|Any CPU.ActiveCfg = Release|Any CPU
		{4AA612C0-E050-4D02-A779-93D9D5FFE088}.Release|Any CPU.Build.0 = Release|Any CPU
		{4AA612C0-E050-4D02-A779-93D9D5FFE088}.Debug|iPhoneSimulator.ActiveCfg = Debug|Any CPU
		{4AA612C0-E050-4D02-A779-93D9D5FFE088}.Debug|iPhoneSimulator.Build.0 = Debug|Any CPU
		{4AA612C0-E050-4D02-A779-93D9D5FFE088}.Release|iPhoneSimulator.ActiveCfg = Release|Any CPU
		{4AA612C0-E050-4D02-A779-93D9D5FFE088}.Release|iPhoneSimulator.Build.0 = Release|Any CPU
		{4AA612C0-E050-4D02-A779-93D9D5FFE088}.Debug|iPhone.ActiveCfg = Debug|Any CPU
		{4AA612C0-E050-4D02-A779-93D9D5FFE088}.Debug|iPhone.Build.0 = Debug|Any CPU
		{4AA612C0-E050-4D02-A779-93D9D5FFE088}.Release|iPhone.ActiveCfg = Release|Any CPU
		{4AA612C0-E050-4D02-A779-93D9D5FFE088}.Release|iPhone.Build.0 = Release|Any CPU
		{58DDACC7-4B71-438D-B874-E84700E51929}.Debug|Any CPU.ActiveCfg = Debug|iPhoneSimulator
		{58DDACC7-4B71-438D-B874-E84700E51929}.Debug|Any CPU.Build.0 = Debug|iPhoneSimulator
		{58DDACC7-4B71-438D-B874-E84700E51929}.Release|Any CPU.ActiveCfg = Release|iPhoneSimulator
		{58DDACC7-4B71-438D-B874-E84700E51929}.Release|Any CPU.Build.0 = Release|iPhoneSimulator
		{58DDACC7-4B71-438D-B874-E84700E51929}.Debug|iPhoneSimulator.ActiveCfg = Debug|iPhoneSimulator
		{58DDACC7-4B71-438D-B874-E84700E51929}.Debug|iPhoneSimulator.Build.0 = Debug|iPhoneSimulator
		{58DDACC7-4B71-438D-B874-E84700E51929}.Release|iPhoneSimulator.ActiveCfg = Release|iPhoneSimulator
		{58DDACC7-4B71-438D-B874-E84700E51929}.Release|iPhoneSimulator.Build.0 = Release|iPhoneSimulator
		{58DDACC7-4B71-438D-B874-E84700E51929}.Debug|iPhone.ActiveCfg = Debug|iPhone
		{58DDACC7-4B71-438D-B874-E84700E51929}.Debug|iPhone.Build.0 = Debug|iPhone
		{58DDACC7-4B71-438D-B874-E84700E51929}.Release|iPhone.ActiveCfg = Release|iPhone
		{58DDACC7-4B71-438D-B874-E84700E51929}.Release|iPhone.Build.0 = Release|iPhone
		{019D4D01-F9B5-428A-BA3E-A6A29343133D}.Debug|Any CPU.ActiveCfg = Debug|Any CPU
		{019D4D01-F9B5-428A-BA3E-A6A29343133D}.Debug|Any CPU.Build.0 = Debug|Any CPU
		{019D4D01-F9B5-428A-BA3E-A6A29343133D}.Release|Any CPU.ActiveCfg = Release|Any CPU
		{019D4D01-F9B5-428A-BA3E-A6A29343133D}.Release|Any CPU.Build.0 = Release|Any CPU
		{019D4D01-F9B5-428A-BA3E-A6A29343133D}.Debug|iPhoneSimulator.ActiveCfg = Debug|Any CPU
		{019D4D01-F9B5-428A-BA3E-A6A29343133D}.Debug|iPhoneSimulator.Build.0 = Debug|Any CPU
		{019D4D01-F9B5-428A-BA3E-A6A29343133D}.Release|iPhoneSimulator.ActiveCfg = Release|Any CPU
		{019D4D01-F9B5-428A-BA3E-A6A29343133D}.Release|iPhoneSimulator.Build.0 = Release|Any CPU
		{019D4D01-F9B5-428A-BA3E-A6A29343133D}.Debug|iPhone.ActiveCfg = Debug|Any CPU
		{019D4D01-F9B5-428A-BA3E-A6A29343133D}.Debug|iPhone.Build.0 = Debug|Any CPU
		{019D4D01-F9B5-428A-BA3E-A6A29343133D}.Release|iPhone.ActiveCfg = Release|Any CPU
		{019D4D01-F9B5-428A-BA3E-A6A29343133D}.Release|iPhone.Build.0 = Release|Any CPU
	EndGlobalSection
EndGlobal
